// !$*UTF8*$!
{
	archiveVersion = 1;
	classes = {
	};
	objectVersion = 50;
	objects = {

/* Begin PBXBuildFile section */
		569A6CCA22B45ADC0025C319 /* AppDelegate.swift in Sources */ = {isa = PBXBuildFile; fileRef = 569A6CC922B45ADC0025C319 /* AppDelegate.swift */; };
		569A6CCF22B45ADC0025C319 /* Main.storyboard in Resources */ = {isa = PBXBuildFile; fileRef = 569A6CCD22B45ADC0025C319 /* Main.storyboard */; };
		569A6CD422B45ADE0025C319 /* LaunchScreen.storyboard in Resources */ = {isa = PBXBuildFile; fileRef = 569A6CD222B45ADE0025C319 /* LaunchScreen.storyboard */; };
		569A6CDE22B57A800025C319 /* Fonts in Resources */ = {isa = PBXBuildFile; fileRef = 569A6CDD22B57A800025C319 /* Fonts */; };
		569A6CE222B589890025C319 /* Home.storyboard in Resources */ = {isa = PBXBuildFile; fileRef = 569A6CE122B589890025C319 /* Home.storyboard */; };
		569A6CE422B58A230025C319 /* HomeTableViewController.swift in Sources */ = {isa = PBXBuildFile; fileRef = 569A6CE322B58A230025C319 /* HomeTableViewController.swift */; };
		569A6CE722B58A430025C319 /* LoginViewController.swift in Sources */ = {isa = PBXBuildFile; fileRef = 569A6CE622B58A430025C319 /* LoginViewController.swift */; };
		569A6CE922B58A580025C319 /* SignupViewController.swift in Sources */ = {isa = PBXBuildFile; fileRef = 569A6CE822B58A580025C319 /* SignupViewController.swift */; };
		569A6CEF22B5A8BF0025C319 /* Assets.xcassets in Resources */ = {isa = PBXBuildFile; fileRef = 569A6CEE22B5A8BF0025C319 /* Assets.xcassets */; };
/* End PBXBuildFile section */

/* Begin PBXFileReference section */
		569A6CC622B45ADC0025C319 /* O'Romeo.app */ = {isa = PBXFileReference; explicitFileType = wrapper.application; includeInIndex = 0; path = "O'Romeo.app"; sourceTree = BUILT_PRODUCTS_DIR; };
		569A6CC922B45ADC0025C319 /* AppDelegate.swift */ = {isa = PBXFileReference; lastKnownFileType = sourcecode.swift; path = AppDelegate.swift; sourceTree = "<group>"; };
		569A6CCE22B45ADC0025C319 /* Base */ = {isa = PBXFileReference; lastKnownFileType = file.storyboard; name = Base; path = Base.lproj/Main.storyboard; sourceTree = "<group>"; };
		569A6CD322B45ADE0025C319 /* Base */ = {isa = PBXFileReference; lastKnownFileType = file.storyboard; name = Base; path = Base.lproj/LaunchScreen.storyboard; sourceTree = "<group>"; };
		569A6CD522B45ADE0025C319 /* Info.plist */ = {isa = PBXFileReference; lastKnownFileType = text.plist.xml; path = Info.plist; sourceTree = "<group>"; };
		569A6CDD22B57A800025C319 /* Fonts */ = {isa = PBXFileReference; lastKnownFileType = folder; path = Fonts; sourceTree = "<group>"; };
		569A6CE122B589890025C319 /* Home.storyboard */ = {isa = PBXFileReference; lastKnownFileType = file.storyboard; path = Home.storyboard; sourceTree = "<group>"; };
		569A6CE322B58A230025C319 /* HomeTableViewController.swift */ = {isa = PBXFileReference; lastKnownFileType = sourcecode.swift; path = HomeTableViewController.swift; sourceTree = "<group>"; };
		569A6CE622B58A430025C319 /* LoginViewController.swift */ = {isa = PBXFileReference; lastKnownFileType = sourcecode.swift; path = LoginViewController.swift; sourceTree = "<group>"; };
		569A6CE822B58A580025C319 /* SignupViewController.swift */ = {isa = PBXFileReference; lastKnownFileType = sourcecode.swift; path = SignupViewController.swift; sourceTree = "<group>"; };
		569A6CEE22B5A8BF0025C319 /* Assets.xcassets */ = {isa = PBXFileReference; lastKnownFileType = folder.assetcatalog; name = Assets.xcassets; path = ../../../../../../.Trash/Assets.xcassets; sourceTree = "<group>"; };
/* End PBXFileReference section */

/* Begin PBXFrameworksBuildPhase section */
		569A6CC322B45ADC0025C319 /* Frameworks */ = {
			isa = PBXFrameworksBuildPhase;
			buildActionMask = 2147483647;
			files = (
			);
			runOnlyForDeploymentPostprocessing = 0;
		};
/* End PBXFrameworksBuildPhase section */

/* Begin PBXGroup section */
		569A6CBD22B45ADC0025C319 = {
			isa = PBXGroup;
			children = (
				569A6CC822B45ADC0025C319 /* O'Romeo */,
				569A6CC722B45ADC0025C319 /* Products */,
			);
			sourceTree = "<group>";
		};
		569A6CC722B45ADC0025C319 /* Products */ = {
			isa = PBXGroup;
			children = (
				569A6CC622B45ADC0025C319 /* O'Romeo.app */,
			);
			name = Products;
			sourceTree = "<group>";
		};
		569A6CC822B45ADC0025C319 /* O'Romeo */ = {
			isa = PBXGroup;
			children = (
				569A6CDB22B45AF90025C319 /* Resources */,
				569A6CDC22B45B060025C319 /* Storyboards */,
				569A6CE522B58A270025C319 /* View Controllers */,
			);
			path = "O'Romeo";
			sourceTree = "<group>";
		};
		569A6CDB22B45AF90025C319 /* Resources */ = {
			isa = PBXGroup;
			children = (
				569A6CC922B45ADC0025C319 /* AppDelegate.swift */,
				569A6CEE22B5A8BF0025C319 /* Assets.xcassets */,
				569A6CDD22B57A800025C319 /* Fonts */,
				569A6CD522B45ADE0025C319 /* Info.plist */,
			);
			path = Resources;
			sourceTree = "<group>";
		};
		569A6CDC22B45B060025C319 /* Storyboards */ = {
			isa = PBXGroup;
			children = (
				569A6CCD22B45ADC0025C319 /* Main.storyboard */,
				569A6CE122B589890025C319 /* Home.storyboard */,
				569A6CD222B45ADE0025C319 /* LaunchScreen.storyboard */,
			);
			path = Storyboards;
			sourceTree = "<group>";
		};
		569A6CE522B58A270025C319 /* View Controllers */ = {
			isa = PBXGroup;
			children = (
				569A6CEA22B58A7E0025C319 /* Login */,
				569A6CEB22B58A910025C319 /* Main */,
			);
			path = "View Controllers";
			sourceTree = "<group>";
		};
		569A6CEA22B58A7E0025C319 /* Login */ = {
			isa = PBXGroup;
			children = (
				569A6CE622B58A430025C319 /* LoginViewController.swift */,
				569A6CE822B58A580025C319 /* SignupViewController.swift */,
			);
			path = Login;
			sourceTree = "<group>";
		};
		569A6CEB22B58A910025C319 /* Main */ = {
			isa = PBXGroup;
			children = (
				569A6CE322B58A230025C319 /* HomeTableViewController.swift */,
			);
			path = Main;
			sourceTree = "<group>";
		};
/* End PBXGroup section */

/* Begin PBXNativeTarget section */
		569A6CC522B45ADC0025C319 /* O'Romeo */ = {
			isa = PBXNativeTarget;
			buildConfigurationList = 569A6CD822B45ADE0025C319 /* Build configuration list for PBXNativeTarget "O'Romeo" */;
			buildPhases = (
				569A6CC222B45ADC0025C319 /* Sources */,
				569A6CC322B45ADC0025C319 /* Frameworks */,
				569A6CC422B45ADC0025C319 /* Resources */,
			);
			buildRules = (
			);
			dependencies = (
			);
			name = "O'Romeo";
			productName = "O'Romeo";
			productReference = 569A6CC622B45ADC0025C319 /* O'Romeo.app */;
			productType = "com.apple.product-type.application";
		};
/* End PBXNativeTarget section */

/* Begin PBXProject section */
		569A6CBE22B45ADC0025C319 /* Project object */ = {
			isa = PBXProject;
			attributes = {
				LastSwiftUpdateCheck = 1020;
				LastUpgradeCheck = 1020;
				ORGANIZATIONNAME = "Brian Daniel";
				TargetAttributes = {
					569A6CC522B45ADC0025C319 = {
						CreatedOnToolsVersion = 10.2.1;
					};
				};
			};
			buildConfigurationList = 569A6CC122B45ADC0025C319 /* Build configuration list for PBXProject "O'Romeo" */;
			compatibilityVersion = "Xcode 9.3";
			developmentRegion = en;
			hasScannedForEncodings = 0;
			knownRegions = (
				en,
				Base,
			);
			mainGroup = 569A6CBD22B45ADC0025C319;
			productRefGroup = 569A6CC722B45ADC0025C319 /* Products */;
			projectDirPath = "";
			projectRoot = "";
			targets = (
				569A6CC522B45ADC0025C319 /* O'Romeo */,
			);
		};
/* End PBXProject section */

/* Begin PBXResourcesBuildPhase section */
		569A6CC422B45ADC0025C319 /* Resources */ = {
			isa = PBXResourcesBuildPhase;
			buildActionMask = 2147483647;
			files = (
				569A6CD422B45ADE0025C319 /* LaunchScreen.storyboard in Resources */,
				569A6CE222B589890025C319 /* Home.storyboard in Resources */,
				569A6CCF22B45ADC0025C319 /* Main.storyboard in Resources */,
				569A6CDE22B57A800025C319 /* Fonts in Resources */,
				569A6CEF22B5A8BF0025C319 /* Assets.xcassets in Resources */,
			);
			runOnlyForDeploymentPostprocessing = 0;
		};
/* End PBXResourcesBuildPhase section */

/* Begin PBXSourcesBuildPhase section */
		569A6CC222B45ADC0025C319 /* Sources */ = {
			isa = PBXSourcesBuildPhase;
			buildActionMask = 2147483647;
			files = (
				569A6CE722B58A430025C319 /* LoginViewController.swift in Sources */,
				569A6CE422B58A230025C319 /* HomeTableViewController.swift in Sources */,
				569A6CE922B58A580025C319 /* SignupViewController.swift in Sources */,
				569A6CCA22B45ADC0025C319 /* AppDelegate.swift in Sources */,
			);
			runOnlyForDeploymentPostprocessing = 0;
		};
/* End PBXSourcesBuildPhase section */

/* Begin PBXVariantGroup section */
		569A6CCD22B45ADC0025C319 /* Main.storyboard */ = {
			isa = PBXVariantGroup;
			children = (
				569A6CCE22B45ADC0025C319 /* Base */,
			);
			name = Main.storyboard;
			sourceTree = "<group>";
		};
		569A6CD222B45ADE0025C319 /* LaunchScreen.storyboard */ = {
			isa = PBXVariantGroup;
			children = (
				569A6CD322B45ADE0025C319 /* Base */,
			);
			name = LaunchScreen.storyboard;
			sourceTree = "<group>";
		};
/* End PBXVariantGroup section */

/* Begin XCBuildConfiguration section */
		569A6CD622B45ADE0025C319 /* Debug */ = {
			isa = XCBuildConfiguration;
			buildSettings = {
				ALWAYS_SEARCH_USER_PATHS = NO;
				CLANG_ANALYZER_NONNULL = YES;
				CLANG_ANALYZER_NUMBER_OBJECT_CONVERSION = YES_AGGRESSIVE;
				CLANG_CXX_LANGUAGE_STANDARD = "gnu++14";
				CLANG_CXX_LIBRARY = "libc++";
				CLANG_ENABLE_MODULES = YES;
				CLANG_ENABLE_OBJC_ARC = YES;
				CLANG_ENABLE_OBJC_WEAK = YES;
				CLANG_WARN_BLOCK_CAPTURE_AUTORELEASING = YES;
				CLANG_WARN_BOOL_CONVERSION = YES;
				CLANG_WARN_COMMA = YES;
				CLANG_WARN_CONSTANT_CONVERSION = YES;
				CLANG_WARN_DEPRECATED_OBJC_IMPLEMENTATIONS = YES;
				CLANG_WARN_DIRECT_OBJC_ISA_USAGE = YES_ERROR;
				CLANG_WARN_DOCUMENTATION_COMMENTS = YES;
				CLANG_WARN_EMPTY_BODY = YES;
				CLANG_WARN_ENUM_CONVERSION = YES;
				CLANG_WARN_INFINITE_RECURSION = YES;
				CLANG_WARN_INT_CONVERSION = YES;
				CLANG_WARN_NON_LITERAL_NULL_CONVERSION = YES;
				CLANG_WARN_OBJC_IMPLICIT_RETAIN_SELF = YES;
				CLANG_WARN_OBJC_LITERAL_CONVERSION = YES;
				CLANG_WARN_OBJC_ROOT_CLASS = YES_ERROR;
				CLANG_WARN_RANGE_LOOP_ANALYSIS = YES;
				CLANG_WARN_STRICT_PROTOTYPES = YES;
				CLANG_WARN_SUSPICIOUS_MOVE = YES;
				CLANG_WARN_UNGUARDED_AVAILABILITY = YES_AGGRESSIVE;
				CLANG_WARN_UNREACHABLE_CODE = YES;
				CLANG_WARN__DUPLICATE_METHOD_MATCH = YES;
				CODE_SIGN_IDENTITY = "iPhone Developer";
				COPY_PHASE_STRIP = NO;
				DEBUG_INFORMATION_FORMAT = dwarf;
				ENABLE_STRICT_OBJC_MSGSEND = YES;
				ENABLE_TESTABILITY = YES;
				GCC_C_LANGUAGE_STANDARD = gnu11;
				GCC_DYNAMIC_NO_PIC = NO;
				GCC_NO_COMMON_BLOCKS = YES;
				GCC_OPTIMIZATION_LEVEL = 0;
				GCC_PREPROCESSOR_DEFINITIONS = (
					"DEBUG=1",
					"$(inherited)",
				);
				GCC_WARN_64_TO_32_BIT_CONVERSION = YES;
				GCC_WARN_ABOUT_RETURN_TYPE = YES_ERROR;
				GCC_WARN_UNDECLARED_SELECTOR = YES;
				GCC_WARN_UNINITIALIZED_AUTOS = YES_AGGRESSIVE;
				GCC_WARN_UNUSED_FUNCTION = YES;
				GCC_WARN_UNUSED_VARIABLE = YES;
				IPHONEOS_DEPLOYMENT_TARGET = 12.2;
				MTL_ENABLE_DEBUG_INFO = INCLUDE_SOURCE;
				MTL_FAST_MATH = YES;
				ONLY_ACTIVE_ARCH = YES;
				SDKROOT = iphoneos;
				SWIFT_ACTIVE_COMPILATION_CONDITIONS = DEBUG;
				SWIFT_OPTIMIZATION_LEVEL = "-Onone";
			};
			name = Debug;
		};
		569A6CD722B45ADE0025C319 /* Release */ = {
			isa = XCBuildConfiguration;
			buildSettings = {
				ALWAYS_SEARCH_USER_PATHS = NO;
				CLANG_ANALYZER_NONNULL = YES;
				CLANG_ANALYZER_NUMBER_OBJECT_CONVERSION = YES_AGGRESSIVE;
				CLANG_CXX_LANGUAGE_STANDARD = "gnu++14";
				CLANG_CXX_LIBRARY = "libc++";
				CLANG_ENABLE_MODULES = YES;
				CLANG_ENABLE_OBJC_ARC = YES;
				CLANG_ENABLE_OBJC_WEAK = YES;
				CLANG_WARN_BLOCK_CAPTURE_AUTORELEASING = YES;
				CLANG_WARN_BOOL_CONVERSION = YES;
				CLANG_WARN_COMMA = YES;
				CLANG_WARN_CONSTANT_CONVERSION = YES;
				CLANG_WARN_DEPRECATED_OBJC_IMPLEMENTATIONS = YES;
				CLANG_WARN_DIRECT_OBJC_ISA_USAGE = YES_ERROR;
				CLANG_WARN_DOCUMENTATION_COMMENTS = YES;
				CLANG_WARN_EMPTY_BODY = YES;
				CLANG_WARN_ENUM_CONVERSION = YES;
				CLANG_WARN_INFINITE_RECURSION = YES;
				CLANG_WARN_INT_CONVERSION = YES;
				CLANG_WARN_NON_LITERAL_NULL_CONVERSION = YES;
				CLANG_WARN_OBJC_IMPLICIT_RETAIN_SELF = YES;
				CLANG_WARN_OBJC_LITERAL_CONVERSION = YES;
				CLANG_WARN_OBJC_ROOT_CLASS = YES_ERROR;
				CLANG_WARN_RANGE_LOOP_ANALYSIS = YES;
				CLANG_WARN_STRICT_PROTOTYPES = YES;
				CLANG_WARN_SUSPICIOUS_MOVE = YES;
				CLANG_WARN_UNGUARDED_AVAILABILITY = YES_AGGRESSIVE;
				CLANG_WARN_UNREACHABLE_CODE = YES;
				CLANG_WARN__DUPLICATE_METHOD_MATCH = YES;
				CODE_SIGN_IDENTITY = "iPhone Developer";
				COPY_PHASE_STRIP = NO;
				DEBUG_INFORMATION_FORMAT = "dwarf-with-dsym";
				ENABLE_NS_ASSERTIONS = NO;
				ENABLE_STRICT_OBJC_MSGSEND = YES;
				GCC_C_LANGUAGE_STANDARD = gnu11;
				GCC_NO_COMMON_BLOCKS = YES;
				GCC_WARN_64_TO_32_BIT_CONVERSION = YES;
				GCC_WARN_ABOUT_RETURN_TYPE = YES_ERROR;
				GCC_WARN_UNDECLARED_SELECTOR = YES;
				GCC_WARN_UNINITIALIZED_AUTOS = YES_AGGRESSIVE;
				GCC_WARN_UNUSED_FUNCTION = YES;
				GCC_WARN_UNUSED_VARIABLE = YES;
				IPHONEOS_DEPLOYMENT_TARGET = 12.2;
				MTL_ENABLE_DEBUG_INFO = NO;
				MTL_FAST_MATH = YES;
				SDKROOT = iphoneos;
				SWIFT_COMPILATION_MODE = wholemodule;
				SWIFT_OPTIMIZATION_LEVEL = "-O";
				VALIDATE_PRODUCT = YES;
			};
			name = Release;
		};
		569A6CD922B45ADE0025C319 /* Debug */ = {
			isa = XCBuildConfiguration;
			buildSettings = {
				ASSETCATALOG_COMPILER_APPICON_NAME = AppIcon;
				CODE_SIGN_STYLE = Automatic;
				DEVELOPMENT_TEAM = 2F9Q94NNH5;
				INFOPLIST_FILE = "$(SRCROOT)/O'Romeo/Resources/Info.plist";
				LD_RUNPATH_SEARCH_PATHS = (
					"$(inherited)",
					"@executable_path/Frameworks",
				);
				PRODUCT_BUNDLE_IDENTIFIER = "dev.brianhersh.O-Romeo";
				PRODUCT_NAME = "$(TARGET_NAME)";
				SWIFT_VERSION = 5.0;
				TARGETED_DEVICE_FAMILY = 1;
			};
			name = Debug;
		};
		569A6CDA22B45ADE0025C319 /* Release */ = {
			isa = XCBuildConfiguration;
			buildSettings = {
				ASSETCATALOG_COMPILER_APPICON_NAME = AppIcon;
				CODE_SIGN_STYLE = Automatic;
				DEVELOPMENT_TEAM = 2F9Q94NNH5;
				INFOPLIST_FILE = "$(SRCROOT)/O'Romeo/Resources/Info.plist";
				LD_RUNPATH_SEARCH_PATHS = (
					"$(inherited)",
					"@executable_path/Frameworks",
				);
				PRODUCT_BUNDLE_IDENTIFIER = "dev.brianhersh.O-Romeo";
				PRODUCT_NAME = "$(TARGET_NAME)";
				SWIFT_VERSION = 5.0;
				TARGETED_DEVICE_FAMILY = 1;
			};
			name = Release;
		};
/* End XCBuildConfiguration section */

/* Begin XCConfigurationList section */
		569A6CC122B45ADC0025C319 /* Build configuration list for PBXProject "O'Romeo" */ = {
			isa = XCConfigurationList;
			buildConfigurations = (
				569A6CD622B45ADE0025C319 /* Debug */,
				569A6CD722B45ADE0025C319 /* Release */,
			);
			defaultConfigurationIsVisible = 0;
			defaultConfigurationName = Release;
		};
		569A6CD822B45ADE0025C319 /* Build configuration list for PBXNativeTarget "O'Romeo" */ = {
			isa = XCConfigurationList;
			buildConfigurations = (
				569A6CD922B45ADE0025C319 /* Debug */,
				569A6CDA22B45ADE0025C319 /* Release */,
			);
			defaultConfigurationIsVisible = 0;
			defaultConfigurationName = Release;
		};
/* End XCConfigurationList section */
	};
	rootObject = 569A6CBE22B45ADC0025C319 /* Project object */;
}
